
Microsoft Visual Studio Solution File, Format Version 12.00
# Visual Studio Version 17
VisualStudioVersion = 17.2.32602.215
MinimumVisualStudioVersion = 10.0.40219.1
Project("{FAE04EC0-301F-11D3-BF4B-00C04F79EFBC}") = "20220630ArmandoLozano", "20220630ArmandoLozano\20220630ArmandoLozano.csproj", "{2290C2CA-2288-4622-814A-2F2712AC0E91}"
EndProject
Project("{FAE04EC0-301F-11D3-BF4B-00C04F79EFBC}") = "DAL", "DAL\DAL.csproj", "{12E562A8-5408-4EF5-8596-81F3A5B37419}"
EndProject
Global
	GlobalSection(SolutionConfigurationPlatforms) = preSolution
		Debug|Any CPU = Debug|Any CPU
		Release|Any CPU = Release|Any CPU
	EndGlobalSection
	GlobalSection(ProjectConfigurationPlatforms) = postSolution
		{2290C2CA-2288-4622-814A-2F2712AC0E91}.Debug|Any CPU.ActiveCfg = Debug|Any CPU
		{2290C2CA-2288-4622-814A-2F2712AC0E91}.Debug|Any CPU.Build.0 = Debug|Any CPU
		{2290C2CA-2288-4622-814A-2F2712AC0E91}.Release|Any CPU.ActiveCfg = Release|Any CPU
		{2290C2CA-2288-4622-814A-2F2712AC0E91}.Release|Any CPU.Build.0 = Release|Any CPU
		{12E562A8-5408-4EF5-8596-81F3A5B37419}.Debug|Any CPU.ActiveCfg = Debug|Any CPU
		{12E562A8-5408-4EF5-8596-81F3A5B37419}.Debug|Any CPU.Build.0 = Debug|Any CPU
		{12E562A8-5408-4EF5-8596-81F3A5B37419}.Release|Any CPU.ActiveCfg = Release|Any CPU
		{12E562A8-5408-4EF5-8596-81F3A5B37419}.Release|Any CPU.Build.0 = Release|Any CPU
	EndGlobalSection
	GlobalSection(SolutionProperties) = preSolution
		HideSolutionNode = FALSE
	EndGlobalSection
	GlobalSection(ExtensibilityGlobals) = postSolution
		SolutionGuid = {0ACF76FB-CA3A-4B75-91B9-5D35DF15EA77}
	EndGlobalSection
EndGlobal
